
Microsoft Visual Studio Solution File, Format Version 12.00
# Visual Studio 15
VisualStudioVersion = 15.0.26430.16
MinimumVisualStudioVersion = 10.0.40219.1
Project("{FAE04EC0-301F-11D3-BF4B-00C04F79EFBC}") = "AllItEbooksCrawler", "AllItEbooksCrawler\AllItEbooksCrawler.csproj", "{358A4D09-9EB6-4512-89BE-7EBB993C6DDA}"
EndProject
Project("{9A19103F-16F7-4668-BE54-9A1E7A4F7556}") = "EpubSharp", "EpubSharp\EpubSharp.csproj", "{ADA80862-6D52-4A2A-B45D-27FED08FAFDE}"
EndProject
Project("{9A19103F-16F7-4668-BE54-9A1E7A4F7556}") = "FB2Library", "FB2Library\FB2Library.csproj", "{5C8426D4-CF7E-48B1-A214-6CF4BAC3F9CF}"
EndProject
Global
	GlobalSection(SolutionConfigurationPlatforms) = preSolution
		Debug|Any CPU = Debug|Any CPU
		Release|Any CPU = Release|Any CPU
	EndGlobalSection
	GlobalSection(ProjectConfigurationPlatforms) = postSolution
		{358A4D09-9EB6-4512-89BE-7EBB993C6DDA}.Debug|Any CPU.ActiveCfg = Debug|Any CPU
		{358A4D09-9EB6-4512-89BE-7EBB993C6DDA}.Debug|Any CPU.Build.0 = Debug|Any CPU
		{358A4D09-9EB6-4512-89BE-7EBB993C6DDA}.Release|Any CPU.ActiveCfg = Release|Any CPU
		{358A4D09-9EB6-4512-89BE-7EBB993C6DDA}.Release|Any CPU.Build.0 = Release|Any CPU
		{ADA80862-6D52-4A2A-B45D-27FED08FAFDE}.Debug|Any CPU.ActiveCfg = Debug|Any CPU
		{ADA80862-6D52-4A2A-B45D-27FED08FAFDE}.Debug|Any CPU.Build.0 = Debug|Any CPU
		{ADA80862-6D52-4A2A-B45D-27FED08FAFDE}.Release|Any CPU.ActiveCfg = Release|Any CPU
		{ADA80862-6D52-4A2A-B45D-27FED08FAFDE}.Release|Any CPU.Build.0 = Release|Any CPU
		{5C8426D4-CF7E-48B1-A214-6CF4BAC3F9CF}.Debug|Any CPU.ActiveCfg = Debug|Any CPU
		{5C8426D4-CF7E-48B1-A214-6CF4BAC3F9CF}.Debug|Any CPU.Build.0 = Debug|Any CPU
		{5C8426D4-CF7E-48B1-A214-6CF4BAC3F9CF}.Release|Any CPU.ActiveCfg = Release|Any CPU
		{5C8426D4-CF7E-48B1-A214-6CF4BAC3F9CF}.Release|Any CPU.Build.0 = Release|Any CPU
	EndGlobalSection
	GlobalSection(SolutionProperties) = preSolution
		HideSolutionNode = FALSE
	EndGlobalSection
	GlobalSection(ExtensibilityGlobals) = postSolution
		SolutionGuid = {48185C73-EF86-4332-A8F7-A5902C7A6996}
	EndGlobalSection
EndGlobal
